
Microsoft Visual Studio Solution File, Format Version 11.00
# Visual Studio 2010
Project("{FAE04EC0-301F-11D3-BF4B-00C04F79EFBC}") = "SPREAD", "SPREAD\SPREAD.csproj", "{2E3222E4-79D6-4AC3-9B9A-0C52203CAAD4}"
EndProject
Global
	GlobalSection(SolutionConfigurationPlatforms) = preSolution
		Debug|Any CPU = Debug|Any CPU
		Release|Any CPU = Release|Any CPU
	EndGlobalSection
	GlobalSection(ProjectConfigurationPlatforms) = postSolution
		{2E3222E4-79D6-4AC3-9B9A-0C52203CAAD4}.Debug|Any CPU.ActiveCfg = Debug|Any CPU
		{2E3222E4-79D6-4AC3-9B9A-0C52203CAAD4}.Debug|Any CPU.Build.0 = Debug|Any CPU
		{2E3222E4-79D6-4AC3-9B9A-0C52203CAAD4}.Release|Any CPU.ActiveCfg = Release|Any CPU
		{2E3222E4-79D6-4AC3-9B9A-0C52203CAAD4}.Release|Any CPU.Build.0 = Release|Any CPU
	EndGlobalSection
	GlobalSection(SolutionProperties) = preSolution
		HideSolutionNode = FALSE
	EndGlobalSection
EndGlobal
